dependencies:
- name: opentelemetry-operator
  repository: https://decisiveai.github.io/mdai-helm-charts
  version: 0.43.1
- name: prometheus
  repository: https://prometheus-community.github.io/helm-charts
  version: 25.24.1
- name: metrics-server
  repository: https://kubernetes-sigs.github.io/metrics-server
  version: 3.12.1
- name: mdai-api
  repository: https://decisiveai.github.io/mdai-helm-charts
  version: 0.0.4
- name: mdai-console
  repository: https://decisiveai.github.io/mdai-helm-charts
  version: 0.2.4
- name: datalyzer
  repository: https://decisiveai.github.io/mdai-helm-charts
  version: 0.0.6
- name: mydecisive-engine-operator
  repository: https://decisiveai.github.io/mdai-helm-charts
  version: 0.0.11
digest: sha256:bc0632a1fd145987363fdd7facf95cd670bb15d659d0518e42ea6f9787204d97
generated: "2024-10-09T08:06:31.733137-07:00"
