dependencies:
- name: opentelemetry-operator
  repository: https://open-telemetry.github.io/opentelemetry-helm-charts
  version: 0.71.3
- name: kube-prometheus-stack
  repository: https://prometheus-community.github.io/helm-charts
  version: 65.3.2
- name: metrics-server
  repository: https://kubernetes-sigs.github.io/metrics-server
  version: 3.12.2
- name: mdai-api
  repository: https://decisiveai.github.io/mdai-helm-charts
  version: 0.0.6
- name: datalyzer
  repository: https://decisiveai.github.io/mdai-helm-charts
  version: 0.0.8
- name: mydecisive-engine-operator
  repository: https://decisiveai.github.io/mdai-helm-charts
  version: 0.0.17
digest: sha256:d67820810a428b512940f0e7db3fb54b4679ac8ad1e126e78abb547b6222b500
generated: "2024-12-09T10:46:40.613657-07:00"
