dependencies:
- name: opentelemetry-operator
  repository: https://open-telemetry.github.io/opentelemetry-helm-charts
  version: 0.71.3
- name: kube-prometheus-stack
  repository: https://prometheus-community.github.io/helm-charts
  version: 65.3.2
- name: metrics-server
  repository: https://kubernetes-sigs.github.io/metrics-server
  version: 3.12.2
- name: datalyzer
  repository: https://decisiveai.github.io/mdai-helm-charts
  version: 0.0.8
- name: mdai-operator
  repository: https://decisiveai.github.io/mdai-helm-charts
  version: 0.1.2
- name: event-handler-webservice
  repository: https://decisiveai.github.io/mdai-helm-charts
  version: 0.0.3
- name: valkey
  repository: oci://registry-1.docker.io/bitnamicharts
  version: 2.2.3
digest: sha256:1a0bec7056b75af2d600320b366e6368d2a5eac744e9e36625f317c392964ee2
generated: "2025-02-03T14:53:38.043774-06:00"
